
Microsoft Visual Studio Solution File, Format Version 12.00
# Visual Studio 15
VisualStudioVersion = 15.0.28010.2048
MinimumVisualStudioVersion = 10.0.40219.1
Project("{FAE04EC0-301F-11D3-BF4B-00C04F79EFBC}") = "Counter", "Counter\Counter.csproj", "{FC85002F-B3E6-4CDF-87C3-1527B70950FC}"
EndProject
Project("{FAE04EC0-301F-11D3-BF4B-00C04F79EFBC}") = "UnitTest", "UnitTest\UnitTest.csproj", "{F60B7EEE-6D37-4B38-B506-6D39D01B2E7F}"
EndProject
Global
	GlobalSection(SolutionConfigurationPlatforms) = preSolution
		Debug|Any CPU = Debug|Any CPU
		Release|Any CPU = Release|Any CPU
	EndGlobalSection
	GlobalSection(ProjectConfigurationPlatforms) = postSolution
		{FC85002F-B3E6-4CDF-87C3-1527B70950FC}.Debug|Any CPU.ActiveCfg = Debug|Any CPU
		{FC85002F-B3E6-4CDF-87C3-1527B70950FC}.Debug|Any CPU.Build.0 = Debug|Any CPU
		{FC85002F-B3E6-4CDF-87C3-1527B70950FC}.Release|Any CPU.ActiveCfg = Release|Any CPU
		{FC85002F-B3E6-4CDF-87C3-1527B70950FC}.Release|Any CPU.Build.0 = Release|Any CPU
		{F60B7EEE-6D37-4B38-B506-6D39D01B2E7F}.Debug|Any CPU.ActiveCfg = Debug|Any CPU
		{F60B7EEE-6D37-4B38-B506-6D39D01B2E7F}.Debug|Any CPU.Build.0 = Debug|Any CPU
		{F60B7EEE-6D37-4B38-B506-6D39D01B2E7F}.Release|Any CPU.ActiveCfg = Release|Any CPU
		{F60B7EEE-6D37-4B38-B506-6D39D01B2E7F}.Release|Any CPU.Build.0 = Release|Any CPU
	EndGlobalSection
	GlobalSection(SolutionProperties) = preSolution
		HideSolutionNode = FALSE
	EndGlobalSection
	GlobalSection(ExtensibilityGlobals) = postSolution
		SolutionGuid = {ACF9D3A9-1420-43F3-9F7D-DCE217A42DDA}
	EndGlobalSection
EndGlobal
